// !$*UTF8*$!
{
	archiveVersion = 1;
	classes = {
	};
	objectVersion = 46;
	objects = {

/* Begin PBXBuildFile section */
		7642C3451979CC10000BC37C /* ToDoItem.swift in Sources */ = {isa = PBXBuildFile; fileRef = 7642C3441979CC10000BC37C /* ToDoItem.swift */; };
		76A1263D193EA730008842B2 /* AppDelegate.swift in Sources */ = {isa = PBXBuildFile; fileRef = 76A1263C193EA730008842B2 /* AppDelegate.swift */; };
		76A1263F193EA730008842B2 /* ViewController.swift in Sources */ = {isa = PBXBuildFile; fileRef = 76A1263E193EA730008842B2 /* ViewController.swift */; };
		76A12642193EA730008842B2 /* Main.storyboard in Resources */ = {isa = PBXBuildFile; fileRef = 76A12640193EA730008842B2 /* Main.storyboard */; };
		76A12644193EA730008842B2 /* Images.xcassets in Resources */ = {isa = PBXBuildFile; fileRef = 76A12643193EA730008842B2 /* Images.xcassets */; };
		76A12650193EA730008842B2 /* test2Tests.swift in Sources */ = {isa = PBXBuildFile; fileRef = 76A1264F193EA730008842B2 /* test2Tests.swift */; };
		76C344E11979C2E0008F37DB /* AddToDoViewController.swift in Sources */ = {isa = PBXBuildFile; fileRef = 76C344E01979C2E0008F37DB /* AddToDoViewController.swift */; };
		76C344E31979C443008F37DB /* ToDoListTableTableViewController.swift in Sources */ = {isa = PBXBuildFile; fileRef = 76C344E21979C443008F37DB /* ToDoListTableTableViewController.swift */; };
/* End PBXBuildFile section */

/* Begin PBXContainerItemProxy section */
		76A1264A193EA730008842B2 /* PBXContainerItemProxy */ = {
			isa = PBXContainerItemProxy;
			containerPortal = 76A1262F193EA730008842B2 /* Project object */;
			proxyType = 1;
			remoteGlobalIDString = 76A12636193EA730008842B2;
			remoteInfo = test2;
		};
/* End PBXContainerItemProxy section */

/* Begin PBXFileReference section */
		7642C3441979CC10000BC37C /* ToDoItem.swift */ = {isa = PBXFileReference; fileEncoding = 4; lastKnownFileType = sourcecode.swift; path = ToDoItem.swift; sourceTree = "<group>"; };
		76A12637193EA730008842B2 /* swift_test.app */ = {isa = PBXFileReference; explicitFileType = wrapper.application; includeInIndex = 0; path = swift_test.app; sourceTree = BUILT_PRODUCTS_DIR; };
		76A1263B193EA730008842B2 /* Info.plist */ = {isa = PBXFileReference; lastKnownFileType = text.plist.xml; path = Info.plist; sourceTree = "<group>"; };
		76A1263C193EA730008842B2 /* AppDelegate.swift */ = {isa = PBXFileReference; lastKnownFileType = sourcecode.swift; path = AppDelegate.swift; sourceTree = "<group>"; };
		76A1263E193EA730008842B2 /* ViewController.swift */ = {isa = PBXFileReference; lastKnownFileType = sourcecode.swift; path = ViewController.swift; sourceTree = "<group>"; };
		76A12641193EA730008842B2 /* Base */ = {isa = PBXFileReference; lastKnownFileType = file.storyboard; name = Base; path = Base.lproj/Main.storyboard; sourceTree = "<group>"; };
		76A12643193EA730008842B2 /* Images.xcassets */ = {isa = PBXFileReference; lastKnownFileType = folder.assetcatalog; path = Images.xcassets; sourceTree = "<group>"; };
		76A12649193EA730008842B2 /* swift_testTests.xctest */ = {isa = PBXFileReference; explicitFileType = wrapper.cfbundle; includeInIndex = 0; path = swift_testTests.xctest; sourceTree = BUILT_PRODUCTS_DIR; };
		76A1264E193EA730008842B2 /* Info.plist */ = {isa = PBXFileReference; lastKnownFileType = text.plist.xml; path = Info.plist; sourceTree = "<group>"; };
		76A1264F193EA730008842B2 /* test2Tests.swift */ = {isa = PBXFileReference; lastKnownFileType = sourcecode.swift; path = test2Tests.swift; sourceTree = "<group>"; };
		76C344E01979C2E0008F37DB /* AddToDoViewController.swift */ = {isa = PBXFileReference; fileEncoding = 4; lastKnownFileType = sourcecode.swift; path = AddToDoViewController.swift; sourceTree = "<group>"; };
		76C344E21979C443008F37DB /* ToDoListTableTableViewController.swift */ = {isa = PBXFileReference; fileEncoding = 4; lastKnownFileType = sourcecode.swift; path = ToDoListTableTableViewController.swift; sourceTree = "<group>"; };
		76C344E41979C4EF008F37DB /* ToDoListTableViewController.h */ = {isa = PBXFileReference; lastKnownFileType = sourcecode.c.h; path = ToDoListTableViewController.h; sourceTree = "<group>"; };
/* End PBXFileReference section */

/* Begin PBXFrameworksBuildPhase section */
		76A12634193EA730008842B2 /* Frameworks */ = {
			isa = PBXFrameworksBuildPhase;
			buildActionMask = 2147483647;
			files = (
			);
			runOnlyForDeploymentPostprocessing = 0;
		};
		76A12646193EA730008842B2 /* Frameworks */ = {
			isa = PBXFrameworksBuildPhase;
			buildActionMask = 2147483647;
			files = (
			);
			runOnlyForDeploymentPostprocessing = 0;
		};
/* End PBXFrameworksBuildPhase section */

/* Begin PBXGroup section */
		76A1262E193EA730008842B2 = {
			isa = PBXGroup;
			children = (
				76C344E01979C2E0008F37DB /* AddToDoViewController.swift */,
				76C344E21979C443008F37DB /* ToDoListTableTableViewController.swift */,
				7642C3441979CC10000BC37C /* ToDoItem.swift */,
				76A12639193EA730008842B2 /* test2 */,
				76A1264C193EA730008842B2 /* test2Tests */,
				76A12638193EA730008842B2 /* Products */,
			);
			sourceTree = "<group>";
		};
		76A12638193EA730008842B2 /* Products */ = {
			isa = PBXGroup;
			children = (
				76A12637193EA730008842B2 /* swift_test.app */,
				76A12649193EA730008842B2 /* swift_testTests.xctest */,
			);
			name = Products;
			sourceTree = "<group>";
		};
		76A12639193EA730008842B2 /* test2 */ = {
			isa = PBXGroup;
			children = (
				76A1263C193EA730008842B2 /* AppDelegate.swift */,
				76A1263E193EA730008842B2 /* ViewController.swift */,
				76A12640193EA730008842B2 /* Main.storyboard */,
				76C344E41979C4EF008F37DB /* ToDoListTableViewController.h */,
				76A12643193EA730008842B2 /* Images.xcassets */,
				76A1263A193EA730008842B2 /* Supporting Files */,
			);
			path = test2;
			sourceTree = "<group>";
		};
		76A1263A193EA730008842B2 /* Supporting Files */ = {
			isa = PBXGroup;
			children = (
				76A1263B193EA730008842B2 /* Info.plist */,
			);
			name = "Supporting Files";
			sourceTree = "<group>";
		};
		76A1264C193EA730008842B2 /* test2Tests */ = {
			isa = PBXGroup;
			children = (
				76A1264F193EA730008842B2 /* test2Tests.swift */,
				76A1264D193EA730008842B2 /* Supporting Files */,
			);
			path = test2Tests;
			sourceTree = "<group>";
		};
		76A1264D193EA730008842B2 /* Supporting Files */ = {
			isa = PBXGroup;
			children = (
				76A1264E193EA730008842B2 /* Info.plist */,
			);
			name = "Supporting Files";
			sourceTree = "<group>";
		};
/* End PBXGroup section */

/* Begin PBXNativeTarget section */
		76A12636193EA730008842B2 /* swift_test */ = {
			isa = PBXNativeTarget;
			buildConfigurationList = 76A12653193EA730008842B2 /* Build configuration list for PBXNativeTarget "swift_test" */;
			buildPhases = (
				76A12633193EA730008842B2 /* Sources */,
				76A12634193EA730008842B2 /* Frameworks */,
				76A12635193EA730008842B2 /* Resources */,
			);
			buildRules = (
			);
			dependencies = (
			);
			name = swift_test;
			productName = test2;
			productReference = 76A12637193EA730008842B2 /* swift_test.app */;
			productType = "com.apple.product-type.application";
		};
		76A12648193EA730008842B2 /* swift_testTests */ = {
			isa = PBXNativeTarget;
			buildConfigurationList = 76A12656193EA730008842B2 /* Build configuration list for PBXNativeTarget "swift_testTests" */;
			buildPhases = (
				76A12645193EA730008842B2 /* Sources */,
				76A12646193EA730008842B2 /* Frameworks */,
				76A12647193EA730008842B2 /* Resources */,
			);
			buildRules = (
			);
			dependencies = (
				76A1264B193EA730008842B2 /* PBXTargetDependency */,
			);
			name = swift_testTests;
			productName = test2Tests;
			productReference = 76A12649193EA730008842B2 /* swift_testTests.xctest */;
			productType = "com.apple.product-type.bundle.unit-test";
		};
/* End PBXNativeTarget section */

/* Begin PBXProject section */
		76A1262F193EA730008842B2 /* Project object */ = {
			isa = PBXProject;
			attributes = {
				LastUpgradeCheck = 0600;
				ORGANIZATIONNAME = "farid fadaie";
				TargetAttributes = {
					76A12636193EA730008842B2 = {
						CreatedOnToolsVersion = 6.0;
					};
					76A12648193EA730008842B2 = {
						CreatedOnToolsVersion = 6.0;
						TestTargetID = 76A12636193EA730008842B2;
					};
				};
			};
			buildConfigurationList = 76A12632193EA730008842B2 /* Build configuration list for PBXProject "swift_test" */;
			compatibilityVersion = "Xcode 3.2";
			developmentRegion = English;
			hasScannedForEncodings = 0;
			knownRegions = (
				en,
				Base,
			);
			mainGroup = 76A1262E193EA730008842B2;
			productRefGroup = 76A12638193EA730008842B2 /* Products */;
			projectDirPath = "";
			projectRoot = "";
			targets = (
				76A12636193EA730008842B2 /* swift_test */,
				76A12648193EA730008842B2 /* swift_testTests */,
			);
		};
/* End PBXProject section */

/* Begin PBXResourcesBuildPhase section */
		76A12635193EA730008842B2 /* Resources */ = {
			isa = PBXResourcesBuildPhase;
			buildActionMask = 2147483647;
			files = (
				76A12642193EA730008842B2 /* Main.storyboard in Resources */,
				76A12644193EA730008842B2 /* Images.xcassets in Resources */,
			);
			runOnlyForDeploymentPostprocessing = 0;
		};
		76A12647193EA730008842B2 /* Resources */ = {
			isa = PBXResourcesBuildPhase;
			buildActionMask = 2147483647;
			files = (
			);
			runOnlyForDeploymentPostprocessing = 0;
		};
/* End PBXResourcesBuildPhase section */

/* Begin PBXSourcesBuildPhase section */
		76A12633193EA730008842B2 /* Sources */ = {
			isa = PBXSourcesBuildPhase;
			buildActionMask = 2147483647;
			files = (
				76A1263F193EA730008842B2 /* ViewController.swift in Sources */,
				76C344E11979C2E0008F37DB /* AddToDoViewController.swift in Sources */,
				7642C3451979CC10000BC37C /* ToDoItem.swift in Sources */,
				76C344E31979C443008F37DB /* ToDoListTableTableViewController.swift in Sources */,
				76A1263D193EA730008842B2 /* AppDelegate.swift in Sources */,
			);
			runOnlyForDeploymentPostprocessing = 0;
		};
		76A12645193EA730008842B2 /* Sources */ = {
			isa = PBXSourcesBuildPhase;
			buildActionMask = 2147483647;
			files = (
				76A12650193EA730008842B2 /* test2Tests.swift in Sources */,
			);
			runOnlyForDeploymentPostprocessing = 0;
		};
/* End PBXSourcesBuildPhase section */

/* Begin PBXTargetDependency section */
		76A1264B193EA730008842B2 /* PBXTargetDependency */ = {
			isa = PBXTargetDependency;
			target = 76A12636193EA730008842B2 /* swift_test */;
			targetProxy = 76A1264A193EA730008842B2 /* PBXContainerItemProxy */;
		};
/* End PBXTargetDependency section */

/* Begin PBXVariantGroup section */
		76A12640193EA730008842B2 /* Main.storyboard */ = {
			isa = PBXVariantGroup;
			children = (
				76A12641193EA730008842B2 /* Base */,
			);
			name = Main.storyboard;
			sourceTree = "<group>";
		};
/* End PBXVariantGroup section */

/* Begin XCBuildConfiguration section */
		76A12651193EA730008842B2 /* Debug */ = {
			isa = XCBuildConfiguration;
			buildSettings = {
				ALWAYS_SEARCH_USER_PATHS = NO;
				CLANG_CXX_LANGUAGE_STANDARD = "gnu++0x";
				CLANG_CXX_LIBRARY = "libc++";
				CLANG_ENABLE_MODULES = YES;
				CLANG_ENABLE_OBJC_ARC = YES;
				CLANG_WARN_BOOL_CONVERSION = YES;
				CLANG_WARN_CONSTANT_CONVERSION = YES;
				CLANG_WARN_DIRECT_OBJC_ISA_USAGE = YES_ERROR;
				CLANG_WARN_EMPTY_BODY = YES;
				CLANG_WARN_ENUM_CONVERSION = YES;
				CLANG_WARN_INT_CONVERSION = YES;
				CLANG_WARN_OBJC_ROOT_CLASS = YES_ERROR;
				CLANG_WARN_UNREACHABLE_CODE = YES;
				CLANG_WARN__DUPLICATE_METHOD_MATCH = YES;
				"CODE_SIGN_IDENTITY[sdk=iphoneos*]" = "iPhone Developer";
				COPY_PHASE_STRIP = NO;
				ENABLE_STRICT_OBJC_MSGSEND = YES;
				GCC_C_LANGUAGE_STANDARD = gnu99;
				GCC_DYNAMIC_NO_PIC = NO;
				GCC_OPTIMIZATION_LEVEL = 0;
				GCC_PREPROCESSOR_DEFINITIONS = (
					"DEBUG=1",
					"$(inherited)",
				);
				GCC_SYMBOLS_PRIVATE_EXTERN = NO;
				GCC_WARN_64_TO_32_BIT_CONVERSION = YES;
				GCC_WARN_ABOUT_RETURN_TYPE = YES_ERROR;
				GCC_WARN_UNDECLARED_SELECTOR = YES;
				GCC_WARN_UNINITIALIZED_AUTOS = YES_AGGRESSIVE;
				GCC_WARN_UNUSED_FUNCTION = YES;
				GCC_WARN_UNUSED_VARIABLE = YES;
				IPHONEOS_DEPLOYMENT_TARGET = 8.0;
				METAL_ENABLE_DEBUG_INFO = YES;
				ONLY_ACTIVE_ARCH = YES;
				SDKROOT = iphoneos;
				SWIFT_OPTIMIZATION_LEVEL = "-Onone";
				TARGETED_DEVICE_FAMILY = "1,2";
			};
			name = Debug;
		};
		76A12652193EA730008842B2 /* Release */ = {
			isa = XCBuildConfiguration;
			buildSettings = {
				ALWAYS_SEARCH_USER_PATHS = NO;
				CLANG_CXX_LANGUAGE_STANDARD = "gnu++0x";
				CLANG_CXX_LIBRARY = "libc++";
				CLANG_ENABLE_MODULES = YES;
				CLANG_ENABLE_OBJC_ARC = YES;
				CLANG_WARN_BOOL_CONVERSION = YES;
				CLANG_WARN_CONSTANT_CONVERSION = YES;
				CLANG_WARN_DIRECT_OBJC_ISA_USAGE = YES_ERROR;
				CLANG_WARN_EMPTY_BODY = YES;
				CLANG_WARN_ENUM_CONVERSION = YES;
				CLANG_WARN_INT_CONVERSION = YES;
				CLANG_WARN_OBJC_ROOT_CLASS = YES_ERROR;
				CLANG_WARN_UNREACHABLE_CODE = YES;
				CLANG_WARN__DUPLICATE_METHOD_MATCH = YES;
				"CODE_SIGN_IDENTITY[sdk=iphoneos*]" = "iPhone Developer";
				COPY_PHASE_STRIP = YES;
				ENABLE_NS_ASSERTIONS = NO;
				ENABLE_STRICT_OBJC_MSGSEND = YES;
				GCC_C_LANGUAGE_STANDARD = gnu99;
				GCC_WARN_64_TO_32_BIT_CONVERSION = YES;
				GCC_WARN_ABOUT_RETURN_TYPE = YES_ERROR;
				GCC_WARN_UNDECLARED_SELECTOR = YES;
				GCC_WARN_UNINITIALIZED_AUTOS = YES_AGGRESSIVE;
				GCC_WARN_UNUSED_FUNCTION = YES;
				GCC_WARN_UNUSED_VARIABLE = YES;
				IPHONEOS_DEPLOYMENT_TARGET = 8.0;
				METAL_ENABLE_DEBUG_INFO = NO;
				SDKROOT = iphoneos;
				TARGETED_DEVICE_FAMILY = "1,2";
				VALIDATE_PRODUCT = YES;
			};
			name = Release;
		};
		76A12654193EA730008842B2 /* Debug */ = {
			isa = XCBuildConfiguration;
			buildSettings = {
				ASSETCATALOG_COMPILER_APPICON_NAME = AppIcon;
				ASSETCATALOG_COMPILER_LAUNCHIMAGE_NAME = LaunchImage;
				INFOPLIST_FILE = test2/Info.plist;
				LD_RUNPATH_SEARCH_PATHS = "$(inherited) @executable_path/Frameworks";
				PRODUCT_NAME = swift_test;
			};
			name = Debug;
		};
		76A12655193EA730008842B2 /* Release */ = {
			isa = XCBuildConfiguration;
			buildSettings = {
				ASSETCATALOG_COMPILER_APPICON_NAME = AppIcon;
				ASSETCATALOG_COMPILER_LAUNCHIMAGE_NAME = LaunchImage;
				INFOPLIST_FILE = test2/Info.plist;
				LD_RUNPATH_SEARCH_PATHS = "$(inherited) @executable_path/Frameworks";
				PRODUCT_NAME = swift_test;
			};
			name = Release;
		};
		76A12657193EA730008842B2 /* Debug */ = {
			isa = XCBuildConfiguration;
			buildSettings = {
				BUNDLE_LOADER = "$(BUILT_PRODUCTS_DIR)/test2.app/test2";
				FRAMEWORK_SEARCH_PATHS = (
					"$(SDKROOT)/Developer/Library/Frameworks",
					"$(inherited)",
				);
				GCC_PREPROCESSOR_DEFINITIONS = (
					"DEBUG=1",
					"$(inherited)",
				);
				INFOPLIST_FILE = test2Tests/Info.plist;
				LD_RUNPATH_SEARCH_PATHS = "$(inherited) @executable_path/Frameworks @loader_path/Frameworks";
				METAL_ENABLE_DEBUG_INFO = YES;
				PRODUCT_NAME = swift_testTests;
				TEST_HOST = "$(BUNDLE_LOADER)";
			};
			name = Debug;
		};
		76A12658193EA730008842B2 /* Release */ = {
			isa = XCBuildConfiguration;
			buildSettings = {
				BUNDLE_LOADER = "$(BUILT_PRODUCTS_DIR)/test2.app/test2";
				FRAMEWORK_SEARCH_PATHS = (
					"$(SDKROOT)/Developer/Library/Frameworks",
					"$(inherited)",
				);
				INFOPLIST_FILE = test2Tests/Info.plist;
				LD_RUNPATH_SEARCH_PATHS = "$(inherited) @executable_path/Frameworks @loader_path/Frameworks";
				METAL_ENABLE_DEBUG_INFO = NO;
				PRODUCT_NAME = swift_testTests;
				TEST_HOST = "$(BUNDLE_LOADER)";
			};
			name = Release;
		};
/* End XCBuildConfiguration section */

/* Begin XCConfigurationList section */
		76A12632193EA730008842B2 /* Build configuration list for PBXProject "swift_test" */ = {
			isa = XCConfigurationList;
			buildConfigurations = (
				76A12651193EA730008842B2 /* Debug */,
				76A12652193EA730008842B2 /* Release */,
			);
			defaultConfigurationIsVisible = 0;
			defaultConfigurationName = Release;
		};
		76A12653193EA730008842B2 /* Build configuration list for PBXNativeTarget "swift_test" */ = {
			isa = XCConfigurationList;
			buildConfigurations = (
				76A12654193EA730008842B2 /* Debug */,
				76A12655193EA730008842B2 /* Release */,
			);
			defaultConfigurationIsVisible = 0;
			defaultConfigurationName = Release;
		};
		76A12656193EA730008842B2 /* Build configuration list for PBXNativeTarget "swift_testTests" */ = {
			isa = XCConfigurationList;
			buildConfigurations = (
				76A12657193EA730008842B2 /* Debug */,
				76A12658193EA730008842B2 /* Release */,
			);
			defaultConfigurationIsVisible = 0;
			defaultConfigurationName = Release;
		};
/* End XCConfigurationList section */
	};
	rootObject = 76A1262F193EA730008842B2 /* Project object */;
}
